
Microsoft Visual Studio Solution File, Format Version 12.00
# Visual Studio Version 17
VisualStudioVersion = 17.11.35219.272
MinimumVisualStudioVersion = 10.0.40219.1
Project("{FAE04EC0-301F-11D3-BF4B-00C04F79EFBC}") = "Calculadora", "Calculadora.csproj", "{7BA67B54-3E8B-41A2-A9FF-0F027B771901}"
EndProject
Global
	GlobalSection(SolutionConfigurationPlatforms) = preSolution
		Debug|Any CPU = Debug|Any CPU
		Release|Any CPU = Release|Any CPU
	EndGlobalSection
	GlobalSection(ProjectConfigurationPlatforms) = postSolution
		{7BA67B54-3E8B-41A2-A9FF-0F027B771901}.Debug|Any CPU.ActiveCfg = Debug|Any CPU
		{7BA67B54-3E8B-41A2-A9FF-0F027B771901}.Debug|Any CPU.Build.0 = Debug|Any CPU
		{7BA67B54-3E8B-41A2-A9FF-0F027B771901}.Release|Any CPU.ActiveCfg = Release|Any CPU
		{7BA67B54-3E8B-41A2-A9FF-0F027B771901}.Release|Any CPU.Build.0 = Release|Any CPU
	EndGlobalSection
	GlobalSection(SolutionProperties) = preSolution
		HideSolutionNode = FALSE
	EndGlobalSection
	GlobalSection(ExtensibilityGlobals) = postSolution
		SolutionGuid = {5D120A4A-236E-47D2-AE03-BBA6C7E4C1E2}
	EndGlobalSection
EndGlobal
